
Microsoft Visual Studio Solution File, Format Version 12.00
# Visual Studio Version 17
VisualStudioVersion = 17.5.33424.131
MinimumVisualStudioVersion = 10.0.40219.1
Project("{FAE04EC0-301F-11D3-BF4B-00C04F79EFBC}") = "HelpDeskBackend", "HelpDeskBackend.csproj", "{9CEFA6F5-638E-41B8-9275-68AA2A131E93}"
EndProject
Global
	GlobalSection(SolutionConfigurationPlatforms) = preSolution
		Debug|Any CPU = Debug|Any CPU
		Release|Any CPU = Release|Any CPU
	EndGlobalSection
	GlobalSection(ProjectConfigurationPlatforms) = postSolution
		{9CEFA6F5-638E-41B8-9275-68AA2A131E93}.Debug|Any CPU.ActiveCfg = Debug|Any CPU
		{9CEFA6F5-638E-41B8-9275-68AA2A131E93}.Debug|Any CPU.Build.0 = Debug|Any CPU
		{9CEFA6F5-638E-41B8-9275-68AA2A131E93}.Release|Any CPU.ActiveCfg = Release|Any CPU
		{9CEFA6F5-638E-41B8-9275-68AA2A131E93}.Release|Any CPU.Build.0 = Release|Any CPU
	EndGlobalSection
	GlobalSection(SolutionProperties) = preSolution
		HideSolutionNode = FALSE
	EndGlobalSection
	GlobalSection(ExtensibilityGlobals) = postSolution
		SolutionGuid = {7E53AA93-9077-4345-8365-3C28AEA8605C}
	EndGlobalSection
EndGlobal
